
Microsoft Visual Studio Solution File, Format Version 12.00
# Visual Studio 15
VisualStudioVersion = 15.0.28307.438
MinimumVisualStudioVersion = 10.0.40219.1
Project("{FAE04EC0-301F-11D3-BF4B-00C04F79EFBC}") = "CheckIp", "CheckIp\CheckIp.csproj", "{692127C7-0759-4555-81AA-3411C4A174CC}"
EndProject
Global
	GlobalSection(SolutionConfigurationPlatforms) = preSolution
		Debug|Any CPU = Debug|Any CPU
		Release|Any CPU = Release|Any CPU
	EndGlobalSection
	GlobalSection(ProjectConfigurationPlatforms) = postSolution
		{692127C7-0759-4555-81AA-3411C4A174CC}.Debug|Any CPU.ActiveCfg = Debug|Any CPU
		{692127C7-0759-4555-81AA-3411C4A174CC}.Debug|Any CPU.Build.0 = Debug|Any CPU
		{692127C7-0759-4555-81AA-3411C4A174CC}.Release|Any CPU.ActiveCfg = Release|Any CPU
		{692127C7-0759-4555-81AA-3411C4A174CC}.Release|Any CPU.Build.0 = Release|Any CPU
	EndGlobalSection
	GlobalSection(SolutionProperties) = preSolution
		HideSolutionNode = FALSE
	EndGlobalSection
	GlobalSection(ExtensibilityGlobals) = postSolution
		SolutionGuid = {ECB0A208-5F5D-436D-888B-FAF3E831A47C}
	EndGlobalSection
EndGlobal
